// !$*UTF8*$!
{
	archiveVersion = 1;
	classes = {
	};
	objectVersion = 46;
	objects = {

/* Begin PBXBuildFile section */
		A68F2C3E1C41E42E00E361EA /* AppDelegate.swift in Sources */ = {isa = PBXBuildFile; fileRef = A68F2C3D1C41E42E00E361EA /* AppDelegate.swift */; };
		A68F2C401C41E42E00E361EA /* ViewController.swift in Sources */ = {isa = PBXBuildFile; fileRef = A68F2C3F1C41E42E00E361EA /* ViewController.swift */; };
		A68F2C431C41E42E00E361EA /* Main.storyboard in Resources */ = {isa = PBXBuildFile; fileRef = A68F2C411C41E42E00E361EA /* Main.storyboard */; };
		A68F2C451C41E42E00E361EA /* Assets.xcassets in Resources */ = {isa = PBXBuildFile; fileRef = A68F2C441C41E42E00E361EA /* Assets.xcassets */; };
		A68F2C481C41E42E00E361EA /* LaunchScreen.storyboard in Resources */ = {isa = PBXBuildFile; fileRef = A68F2C461C41E42E00E361EA /* LaunchScreen.storyboard */; };
		A68F2C501C41E59C00E361EA /* pokemon.csv in Resources */ = {isa = PBXBuildFile; fileRef = A68F2C4F1C41E59C00E361EA /* pokemon.csv */; };
		A68F2C531C41E69C00E361EA /* Pokemon.swift in Sources */ = {isa = PBXBuildFile; fileRef = A68F2C521C41E69C00E361EA /* Pokemon.swift */; };
/* End PBXBuildFile section */

/* Begin PBXFileReference section */
		A68F2C3A1C41E42E00E361EA /* pokedex-by-dre.app */ = {isa = PBXFileReference; explicitFileType = wrapper.application; includeInIndex = 0; path = "pokedex-by-dre.app"; sourceTree = BUILT_PRODUCTS_DIR; };
		A68F2C3D1C41E42E00E361EA /* AppDelegate.swift */ = {isa = PBXFileReference; lastKnownFileType = sourcecode.swift; path = AppDelegate.swift; sourceTree = "<group>"; };
		A68F2C3F1C41E42E00E361EA /* ViewController.swift */ = {isa = PBXFileReference; lastKnownFileType = sourcecode.swift; path = ViewController.swift; sourceTree = "<group>"; };
		A68F2C421C41E42E00E361EA /* Base */ = {isa = PBXFileReference; lastKnownFileType = file.storyboard; name = Base; path = Base.lproj/Main.storyboard; sourceTree = "<group>"; };
		A68F2C441C41E42E00E361EA /* Assets.xcassets */ = {isa = PBXFileReference; lastKnownFileType = folder.assetcatalog; path = Assets.xcassets; sourceTree = "<group>"; };
		A68F2C471C41E42E00E361EA /* Base */ = {isa = PBXFileReference; lastKnownFileType = file.storyboard; name = Base; path = Base.lproj/LaunchScreen.storyboard; sourceTree = "<group>"; };
		A68F2C491C41E42E00E361EA /* Info.plist */ = {isa = PBXFileReference; lastKnownFileType = text.plist.xml; path = Info.plist; sourceTree = "<group>"; };
		A68F2C4F1C41E59C00E361EA /* pokemon.csv */ = {isa = PBXFileReference; fileEncoding = 4; lastKnownFileType = text; path = pokemon.csv; sourceTree = "<group>"; };
		A68F2C521C41E69C00E361EA /* Pokemon.swift */ = {isa = PBXFileReference; fileEncoding = 4; lastKnownFileType = sourcecode.swift; path = Pokemon.swift; sourceTree = "<group>"; };
/* End PBXFileReference section */

/* Begin PBXFrameworksBuildPhase section */
		A68F2C371C41E42E00E361EA /* Frameworks */ = {
			isa = PBXFrameworksBuildPhase;
			buildActionMask = 2147483647;
			files = (
			);
			runOnlyForDeploymentPostprocessing = 0;
		};
/* End PBXFrameworksBuildPhase section */

/* Begin PBXGroup section */
		A68F2C311C41E42E00E361EA = {
			isa = PBXGroup;
			children = (
				A68F2C3C1C41E42E00E361EA /* pokedex-by-dre */,
				A68F2C3B1C41E42E00E361EA /* Products */,
			);
			sourceTree = "<group>";
		};
		A68F2C3B1C41E42E00E361EA /* Products */ = {
			isa = PBXGroup;
			children = (
				A68F2C3A1C41E42E00E361EA /* pokedex-by-dre.app */,
			);
			name = Products;
			sourceTree = "<group>";
		};
		A68F2C3C1C41E42E00E361EA /* pokedex-by-dre */ = {
			isa = PBXGroup;
			children = (
				A68F2C511C41E68300E361EA /* Model */,
				A68F2C3D1C41E42E00E361EA /* AppDelegate.swift */,
				A68F2C3F1C41E42E00E361EA /* ViewController.swift */,
				A68F2C4F1C41E59C00E361EA /* pokemon.csv */,
				A68F2C411C41E42E00E361EA /* Main.storyboard */,
				A68F2C441C41E42E00E361EA /* Assets.xcassets */,
				A68F2C461C41E42E00E361EA /* LaunchScreen.storyboard */,
				A68F2C491C41E42E00E361EA /* Info.plist */,
			);
			path = "pokedex-by-dre";
			sourceTree = "<group>";
		};
		A68F2C511C41E68300E361EA /* Model */ = {
			isa = PBXGroup;
			children = (
				A68F2C521C41E69C00E361EA /* Pokemon.swift */,
			);
			name = Model;
			sourceTree = "<group>";
		};
/* End PBXGroup section */

/* Begin PBXNativeTarget section */
		A68F2C391C41E42E00E361EA /* pokedex-by-dre */ = {
			isa = PBXNativeTarget;
			buildConfigurationList = A68F2C4C1C41E42E00E361EA /* Build configuration list for PBXNativeTarget "pokedex-by-dre" */;
			buildPhases = (
				A68F2C361C41E42E00E361EA /* Sources */,
				A68F2C371C41E42E00E361EA /* Frameworks */,
				A68F2C381C41E42E00E361EA /* Resources */,
			);
			buildRules = (
			);
			dependencies = (
			);
			name = "pokedex-by-dre";
			productName = "pokedex-by-dre";
			productReference = A68F2C3A1C41E42E00E361EA /* pokedex-by-dre.app */;
			productType = "com.apple.product-type.application";
		};
/* End PBXNativeTarget section */

/* Begin PBXProject section */
		A68F2C321C41E42E00E361EA /* Project object */ = {
			isa = PBXProject;
			attributes = {
				LastSwiftUpdateCheck = 0710;
				LastUpgradeCheck = 0710;
				ORGANIZATIONNAME = "D'Andre Ealy";
				TargetAttributes = {
					A68F2C391C41E42E00E361EA = {
						CreatedOnToolsVersion = 7.1.1;
					};
				};
			};
			buildConfigurationList = A68F2C351C41E42E00E361EA /* Build configuration list for PBXProject "pokedex-by-dre" */;
			compatibilityVersion = "Xcode 3.2";
			developmentRegion = English;
			hasScannedForEncodings = 0;
			knownRegions = (
				en,
				Base,
			);
			mainGroup = A68F2C311C41E42E00E361EA;
			productRefGroup = A68F2C3B1C41E42E00E361EA /* Products */;
			projectDirPath = "";
			projectRoot = "";
			targets = (
				A68F2C391C41E42E00E361EA /* pokedex-by-dre */,
			);
		};
/* End PBXProject section */

/* Begin PBXResourcesBuildPhase section */
		A68F2C381C41E42E00E361EA /* Resources */ = {
			isa = PBXResourcesBuildPhase;
			buildActionMask = 2147483647;
			files = (
				A68F2C481C41E42E00E361EA /* LaunchScreen.storyboard in Resources */,
				A68F2C451C41E42E00E361EA /* Assets.xcassets in Resources */,
				A68F2C501C41E59C00E361EA /* pokemon.csv in Resources */,
				A68F2C431C41E42E00E361EA /* Main.storyboard in Resources */,
			);
			runOnlyForDeploymentPostprocessing = 0;
		};
/* End PBXResourcesBuildPhase section */

/* Begin PBXSourcesBuildPhase section */
		A68F2C361C41E42E00E361EA /* Sources */ = {
			isa = PBXSourcesBuildPhase;
			buildActionMask = 2147483647;
			files = (
				A68F2C401C41E42E00E361EA /* ViewController.swift in Sources */,
				A68F2C3E1C41E42E00E361EA /* AppDelegate.swift in Sources */,
				A68F2C531C41E69C00E361EA /* Pokemon.swift in Sources */,
			);
			runOnlyForDeploymentPostprocessing = 0;
		};
/* End PBXSourcesBuildPhase section */

/* Begin PBXVariantGroup section */
		A68F2C411C41E42E00E361EA /* Main.storyboard */ = {
			isa = PBXVariantGroup;
			children = (
				A68F2C421C41E42E00E361EA /* Base */,
			);
			name = Main.storyboard;
			sourceTree = "<group>";
		};
		A68F2C461C41E42E00E361EA /* LaunchScreen.storyboard */ = {
			isa = PBXVariantGroup;
			children = (
				A68F2C471C41E42E00E361EA /* Base */,
			);
			name = LaunchScreen.storyboard;
			sourceTree = "<group>";
		};
/* End PBXVariantGroup section */

/* Begin XCBuildConfiguration section */
		A68F2C4A1C41E42E00E361EA /* Debug */ = {
			isa = XCBuildConfiguration;
			buildSettings = {
				ALWAYS_SEARCH_USER_PATHS = NO;
				CLANG_CXX_LANGUAGE_STANDARD = "gnu++0x";
				CLANG_CXX_LIBRARY = "libc++";
				CLANG_ENABLE_MODULES = YES;
				CLANG_ENABLE_OBJC_ARC = YES;
				CLANG_WARN_BOOL_CONVERSION = YES;
				CLANG_WARN_CONSTANT_CONVERSION = YES;
				CLANG_WARN_DIRECT_OBJC_ISA_USAGE = YES_ERROR;
				CLANG_WARN_EMPTY_BODY = YES;
				CLANG_WARN_ENUM_CONVERSION = YES;
				CLANG_WARN_INT_CONVERSION = YES;
				CLANG_WARN_OBJC_ROOT_CLASS = YES_ERROR;
				CLANG_WARN_UNREACHABLE_CODE = YES;
				CLANG_WARN__DUPLICATE_METHOD_MATCH = YES;
				"CODE_SIGN_IDENTITY[sdk=iphoneos*]" = "iPhone Developer";
				COPY_PHASE_STRIP = NO;
				DEBUG_INFORMATION_FORMAT = dwarf;
				ENABLE_STRICT_OBJC_MSGSEND = YES;
				ENABLE_TESTABILITY = YES;
				GCC_C_LANGUAGE_STANDARD = gnu99;
				GCC_DYNAMIC_NO_PIC = NO;
				GCC_NO_COMMON_BLOCKS = YES;
				GCC_OPTIMIZATION_LEVEL = 0;
				GCC_PREPROCESSOR_DEFINITIONS = (
					"DEBUG=1",
					"$(inherited)",
				);
				GCC_WARN_64_TO_32_BIT_CONVERSION = YES;
				GCC_WARN_ABOUT_RETURN_TYPE = YES_ERROR;
				GCC_WARN_UNDECLARED_SELECTOR = YES;
				GCC_WARN_UNINITIALIZED_AUTOS = YES_AGGRESSIVE;
				GCC_WARN_UNUSED_FUNCTION = YES;
				GCC_WARN_UNUSED_VARIABLE = YES;
				IPHONEOS_DEPLOYMENT_TARGET = 9.1;
				MTL_ENABLE_DEBUG_INFO = YES;
				ONLY_ACTIVE_ARCH = YES;
				SDKROOT = iphoneos;
				SWIFT_OPTIMIZATION_LEVEL = "-Onone";
				TARGETED_DEVICE_FAMILY = "1,2";
			};
			name = Debug;
		};
		A68F2C4B1C41E42E00E361EA /* Release */ = {
			isa = XCBuildConfiguration;
			buildSettings = {
				ALWAYS_SEARCH_USER_PATHS = NO;
				CLANG_CXX_LANGUAGE_STANDARD = "gnu++0x";
				CLANG_CXX_LIBRARY = "libc++";
				CLANG_ENABLE_MODULES = YES;
				CLANG_ENABLE_OBJC_ARC = YES;
				CLANG_WARN_BOOL_CONVERSION = YES;
				CLANG_WARN_CONSTANT_CONVERSION = YES;
				CLANG_WARN_DIRECT_OBJC_ISA_USAGE = YES_ERROR;
				CLANG_WARN_EMPTY_BODY = YES;
				CLANG_WARN_ENUM_CONVERSION = YES;
				CLANG_WARN_INT_CONVERSION = YES;
				CLANG_WARN_OBJC_ROOT_CLASS = YES_ERROR;
				CLANG_WARN_UNREACHABLE_CODE = YES;
				CLANG_WARN__DUPLICATE_METHOD_MATCH = YES;
				"CODE_SIGN_IDENTITY[sdk=iphoneos*]" = "iPhone Developer";
				COPY_PHASE_STRIP = NO;
				DEBUG_INFORMATION_FORMAT = "dwarf-with-dsym";
				ENABLE_NS_ASSERTIONS = NO;
				ENABLE_STRICT_OBJC_MSGSEND = YES;
				GCC_C_LANGUAGE_STANDARD = gnu99;
				GCC_NO_COMMON_BLOCKS = YES;
				GCC_WARN_64_TO_32_BIT_CONVERSION = YES;
				GCC_WARN_ABOUT_RETURN_TYPE = YES_ERROR;
				GCC_WARN_UNDECLARED_SELECTOR = YES;
				GCC_WARN_UNINITIALIZED_AUTOS = YES_AGGRESSIVE;
				GCC_WARN_UNUSED_FUNCTION = YES;
				GCC_WARN_UNUSED_VARIABLE = YES;
				IPHONEOS_DEPLOYMENT_TARGET = 9.1;
				MTL_ENABLE_DEBUG_INFO = NO;
				SDKROOT = iphoneos;
				TARGETED_DEVICE_FAMILY = "1,2";
				VALIDATE_PRODUCT = YES;
			};
			name = Release;
		};
		A68F2C4D1C41E42E00E361EA /* Debug */ = {
			isa = XCBuildConfiguration;
			buildSettings = {
				ASSETCATALOG_COMPILER_APPICON_NAME = AppIcon;
				INFOPLIST_FILE = "pokedex-by-dre/Info.plist";
				LD_RUNPATH_SEARCH_PATHS = "$(inherited) @executable_path/Frameworks";
				PRODUCT_BUNDLE_IDENTIFIER = "puricode.pokedex-by-dre";
				PRODUCT_NAME = "$(TARGET_NAME)";
			};
			name = Debug;
		};
		A68F2C4E1C41E42E00E361EA /* Release */ = {
			isa = XCBuildConfiguration;
			buildSettings = {
				ASSETCATALOG_COMPILER_APPICON_NAME = AppIcon;
				INFOPLIST_FILE = "pokedex-by-dre/Info.plist";
				LD_RUNPATH_SEARCH_PATHS = "$(inherited) @executable_path/Frameworks";
				PRODUCT_BUNDLE_IDENTIFIER = "puricode.pokedex-by-dre";
				PRODUCT_NAME = "$(TARGET_NAME)";
			};
			name = Release;
		};
/* End XCBuildConfiguration section */

/* Begin XCConfigurationList section */
		A68F2C351C41E42E00E361EA /* Build configuration list for PBXProject "pokedex-by-dre" */ = {
			isa = XCConfigurationList;
			buildConfigurations = (
				A68F2C4A1C41E42E00E361EA /* Debug */,
				A68F2C4B1C41E42E00E361EA /* Release */,
			);
			defaultConfigurationIsVisible = 0;
			defaultConfigurationName = Release;
		};
		A68F2C4C1C41E42E00E361EA /* Build configuration list for PBXNativeTarget "pokedex-by-dre" */ = {
			isa = XCConfigurationList;
			buildConfigurations = (
				A68F2C4D1C41E42E00E361EA /* Debug */,
				A68F2C4E1C41E42E00E361EA /* Release */,
			);
			defaultConfigurationIsVisible = 0;
		};
/* End XCConfigurationList section */
	};
	rootObject = A68F2C321C41E42E00E361EA /* Project object */;
}
